symfony 1103ca8185306d426fa441860b435399795abfa5
twig 4a5057997d6d3ffacb2dad1550972a244d459ab8
monolog 303b8a83c87d5c6d749926cf02620465a5dcd0f2
doctrine-common 0bc01d972e39d562eb6c501d394c95f1ec654f0f
doctrine-dbal aafe60e63434b151f30c85f4287a778803b33bd6
doctrine a8e4d8f52d998a91d8d4738080a1aa4131fdad68
swiftmailer 8c3165691e36302405926abbae7526549db8b899
assetic f829ad23d23c87480151a21faad49fefe7c09e5d
twig-extensions eba4f5d572bec05c72a47bbd73ba0a3330cf8f54
metadata 014d200714030996ae8ea26a7ccaccf86fc89734
SensioFrameworkExtraBundle 9b9194a47effc66b08d44ae110b982352119ca17
JMSSecurityExtraBundle b8b7eb294ed83d83ca7260ac018e701f08003538
SensioDistributionBundle 2082cb99d408fd89243059c6eff866347ec00bbe
SensioGeneratorBundle 88ecf05691825c81b6a19ca6e2dc1849f1a5dcd4
AsseticBundle 41b5913b5086a0909af92adcb4a6005ee0051b16
IvoryAjaxFileBundle 58ee1f503ae6276c6f036a874f2f414a3159213a